
Microsoft Visual Studio Solution File, Format Version 12.00
# Visual Studio 15
VisualStudioVersion = 15.0.28307.852
MinimumVisualStudioVersion = 10.0.40219.1
Project("{FAE04EC0-301F-11D3-BF4B-00C04F79EFBC}") = "project", "project\project.csproj", "{41B779CD-AC91-4623-8B34-0DF6158ED250}"
EndProject
Global
	GlobalSection(SolutionConfigurationPlatforms) = preSolution
		Debug|Any CPU = Debug|Any CPU
		Release|Any CPU = Release|Any CPU
	EndGlobalSection
	GlobalSection(ProjectConfigurationPlatforms) = postSolution
		{41B779CD-AC91-4623-8B34-0DF6158ED250}.Debug|Any CPU.ActiveCfg = Debug|Any CPU
		{41B779CD-AC91-4623-8B34-0DF6158ED250}.Debug|Any CPU.Build.0 = Debug|Any CPU
		{41B779CD-AC91-4623-8B34-0DF6158ED250}.Release|Any CPU.ActiveCfg = Release|Any CPU
		{41B779CD-AC91-4623-8B34-0DF6158ED250}.Release|Any CPU.Build.0 = Release|Any CPU
	EndGlobalSection
	GlobalSection(SolutionProperties) = preSolution
		HideSolutionNode = FALSE
	EndGlobalSection
	GlobalSection(ExtensibilityGlobals) = postSolution
		SolutionGuid = {129A73BF-B149-4FEA-919B-27E5B1BDF42D}
	EndGlobalSection
EndGlobal
